
Microsoft Visual Studio Solution File, Format Version 12.00
# Visual Studio Version 17
VisualStudioVersion = 17.4.33205.214
MinimumVisualStudioVersion = 10.0.40219.1
Project("{FAE04EC0-301F-11D3-BF4B-00C04F79EFBC}") = "CirceBookWeb", "CirceBookWeb\CirceBookWeb.csproj", "{8675210B-C493-41C8-AA4C-11C997910DAB}"
EndProject
Project("{FAE04EC0-301F-11D3-BF4B-00C04F79EFBC}") = "CirceBook.DataAccess", "CirceBook.DataAccess\CirceBook.DataAccess.csproj", "{783740D4-EA0B-4923-9E13-C9EDF1845FFF}"
EndProject
Project("{FAE04EC0-301F-11D3-BF4B-00C04F79EFBC}") = "CirceBook.Models", "CirceBook.Models\CirceBook.Models.csproj", "{99278129-BBF9-43C8-8434-87DDAB7B27B4}"
EndProject
Project("{FAE04EC0-301F-11D3-BF4B-00C04F79EFBC}") = "CirceBook.Utility", "CirceBook.Utility\CirceBook.Utility.csproj", "{630B4374-EC1B-474F-93A2-F9A260453194}"
EndProject
Global
	GlobalSection(SolutionConfigurationPlatforms) = preSolution
		Debug|Any CPU = Debug|Any CPU
		Release|Any CPU = Release|Any CPU
	EndGlobalSection
	GlobalSection(ProjectConfigurationPlatforms) = postSolution
		{8675210B-C493-41C8-AA4C-11C997910DAB}.Debug|Any CPU.ActiveCfg = Debug|Any CPU
		{8675210B-C493-41C8-AA4C-11C997910DAB}.Debug|Any CPU.Build.0 = Debug|Any CPU
		{8675210B-C493-41C8-AA4C-11C997910DAB}.Release|Any CPU.ActiveCfg = Release|Any CPU
		{8675210B-C493-41C8-AA4C-11C997910DAB}.Release|Any CPU.Build.0 = Release|Any CPU
		{783740D4-EA0B-4923-9E13-C9EDF1845FFF}.Debug|Any CPU.ActiveCfg = Debug|Any CPU
		{783740D4-EA0B-4923-9E13-C9EDF1845FFF}.Debug|Any CPU.Build.0 = Debug|Any CPU
		{783740D4-EA0B-4923-9E13-C9EDF1845FFF}.Release|Any CPU.ActiveCfg = Release|Any CPU
		{783740D4-EA0B-4923-9E13-C9EDF1845FFF}.Release|Any CPU.Build.0 = Release|Any CPU
		{99278129-BBF9-43C8-8434-87DDAB7B27B4}.Debug|Any CPU.ActiveCfg = Debug|Any CPU
		{99278129-BBF9-43C8-8434-87DDAB7B27B4}.Debug|Any CPU.Build.0 = Debug|Any CPU
		{99278129-BBF9-43C8-8434-87DDAB7B27B4}.Release|Any CPU.ActiveCfg = Release|Any CPU
		{99278129-BBF9-43C8-8434-87DDAB7B27B4}.Release|Any CPU.Build.0 = Release|Any CPU
		{630B4374-EC1B-474F-93A2-F9A260453194}.Debug|Any CPU.ActiveCfg = Debug|Any CPU
		{630B4374-EC1B-474F-93A2-F9A260453194}.Debug|Any CPU.Build.0 = Debug|Any CPU
		{630B4374-EC1B-474F-93A2-F9A260453194}.Release|Any CPU.ActiveCfg = Release|Any CPU
		{630B4374-EC1B-474F-93A2-F9A260453194}.Release|Any CPU.Build.0 = Release|Any CPU
	EndGlobalSection
	GlobalSection(SolutionProperties) = preSolution
		HideSolutionNode = FALSE
	EndGlobalSection
	GlobalSection(ExtensibilityGlobals) = postSolution
		SolutionGuid = {2F85C0BC-1692-4160-9969-EF8C94963F30}
	EndGlobalSection
EndGlobal
